// !$*UTF8*$!
{
	archiveVersion = 1;
	classes = {
	};
	objectVersion = 46;
	objects = {

/* Begin PBXBuildFile section */
		585809DA1DD8635900A589D1 /* AppDelegate.swift in Sources */ = {isa = PBXBuildFile; fileRef = 585809D91DD8635900A589D1 /* AppDelegate.swift */; };
		585809DC1DD8635900A589D1 /* MainViewController.swift in Sources */ = {isa = PBXBuildFile; fileRef = 585809DB1DD8635900A589D1 /* MainViewController.swift */; };
		585809E11DD8635900A589D1 /* Assets.xcassets in Resources */ = {isa = PBXBuildFile; fileRef = 585809E01DD8635900A589D1 /* Assets.xcassets */; };
		585809E41DD8635900A589D1 /* LaunchScreen.storyboard in Resources */ = {isa = PBXBuildFile; fileRef = 585809E21DD8635900A589D1 /* LaunchScreen.storyboard */; };
/* End PBXBuildFile section */

/* Begin PBXFileReference section */
		585809D61DD8635900A589D1 /* Project04-PullToRefresh.app */ = {isa = PBXFileReference; explicitFileType = wrapper.application; includeInIndex = 0; path = "Project04-PullToRefresh.app"; sourceTree = BUILT_PRODUCTS_DIR; };
		585809D91DD8635900A589D1 /* AppDelegate.swift */ = {isa = PBXFileReference; lastKnownFileType = sourcecode.swift; path = AppDelegate.swift; sourceTree = "<group>"; };
		585809DB1DD8635900A589D1 /* MainViewController.swift */ = {isa = PBXFileReference; lastKnownFileType = sourcecode.swift; path = MainViewController.swift; sourceTree = "<group>"; };
		585809E01DD8635900A589D1 /* Assets.xcassets */ = {isa = PBXFileReference; lastKnownFileType = folder.assetcatalog; path = Assets.xcassets; sourceTree = "<group>"; };
		585809E31DD8635900A589D1 /* Base */ = {isa = PBXFileReference; lastKnownFileType = file.storyboard; name = Base; path = Base.lproj/LaunchScreen.storyboard; sourceTree = "<group>"; };
		585809E51DD8635900A589D1 /* Info.plist */ = {isa = PBXFileReference; lastKnownFileType = text.plist.xml; path = Info.plist; sourceTree = "<group>"; };
/* End PBXFileReference section */

/* Begin PBXFrameworksBuildPhase section */
		585809D31DD8635900A589D1 /* Frameworks */ = {
			isa = PBXFrameworksBuildPhase;
			buildActionMask = 2147483647;
			files = (
			);
			runOnlyForDeploymentPostprocessing = 0;
		};
/* End PBXFrameworksBuildPhase section */

/* Begin PBXGroup section */
		585809CD1DD8635900A589D1 = {
			isa = PBXGroup;
			children = (
				585809D81DD8635900A589D1 /* Project04-PullToRefresh */,
				585809D71DD8635900A589D1 /* Products */,
			);
			sourceTree = "<group>";
		};
		585809D71DD8635900A589D1 /* Products */ = {
			isa = PBXGroup;
			children = (
				585809D61DD8635900A589D1 /* Project04-PullToRefresh.app */,
			);
			name = Products;
			sourceTree = "<group>";
		};
		585809D81DD8635900A589D1 /* Project04-PullToRefresh */ = {
			isa = PBXGroup;
			children = (
				585809DB1DD8635900A589D1 /* MainViewController.swift */,
				585809EB1DD8637200A589D1 /* Supporting Files */,
			);
			path = "Project04-PullToRefresh";
			sourceTree = "<group>";
		};
		585809EB1DD8637200A589D1 /* Supporting Files */ = {
			isa = PBXGroup;
			children = (
				585809D91DD8635900A589D1 /* AppDelegate.swift */,
				585809E01DD8635900A589D1 /* Assets.xcassets */,
				585809E21DD8635900A589D1 /* LaunchScreen.storyboard */,
				585809E51DD8635900A589D1 /* Info.plist */,
			);
			name = "Supporting Files";
			sourceTree = "<group>";
		};
/* End PBXGroup section */

/* Begin PBXNativeTarget section */
		585809D51DD8635900A589D1 /* Project04-PullToRefresh */ = {
			isa = PBXNativeTarget;
			buildConfigurationList = 585809E81DD8635900A589D1 /* Build configuration list for PBXNativeTarget "Project04-PullToRefresh" */;
			buildPhases = (
				585809D21DD8635900A589D1 /* Sources */,
				585809D31DD8635900A589D1 /* Frameworks */,
				585809D41DD8635900A589D1 /* Resources */,
			);
			buildRules = (
			);
			dependencies = (
			);
			name = "Project04-PullToRefresh";
			productName = "Project04-PullToRefresh";
			productReference = 585809D61DD8635900A589D1 /* Project04-PullToRefresh.app */;
			productType = "com.apple.product-type.application";
		};
/* End PBXNativeTarget section */

/* Begin PBXProject section */
		585809CE1DD8635900A589D1 /* Project object */ = {
			isa = PBXProject;
			attributes = {
				LastSwiftUpdateCheck = 0810;
				LastUpgradeCheck = 0810;
				ORGANIZATIONNAME = "王迁";
				TargetAttributes = {
					585809D51DD8635900A589D1 = {
						CreatedOnToolsVersion = 8.1;
						DevelopmentTeam = F4673Y6NYY;
						ProvisioningStyle = Automatic;
					};
				};
			};
			buildConfigurationList = 585809D11DD8635900A589D1 /* Build configuration list for PBXProject "Project04-PullToRefresh" */;
			compatibilityVersion = "Xcode 3.2";
			developmentRegion = English;
			hasScannedForEncodings = 0;
			knownRegions = (
				en,
				Base,
			);
			mainGroup = 585809CD1DD8635900A589D1;
			productRefGroup = 585809D71DD8635900A589D1 /* Products */;
			projectDirPath = "";
			projectRoot = "";
			targets = (
				585809D51DD8635900A589D1 /* Project04-PullToRefresh */,
			);
		};
/* End PBXProject section */

/* Begin PBXResourcesBuildPhase section */
		585809D41DD8635900A589D1 /* Resources */ = {
			isa = PBXResourcesBuildPhase;
			buildActionMask = 2147483647;
			files = (
				585809E41DD8635900A589D1 /* LaunchScreen.storyboard in Resources */,
				585809E11DD8635900A589D1 /* Assets.xcassets in Resources */,
			);
			runOnlyForDeploymentPostprocessing = 0;
		};
/* End PBXResourcesBuildPhase section */

/* Begin PBXSourcesBuildPhase section */
		585809D21DD8635900A589D1 /* Sources */ = {
			isa = PBXSourcesBuildPhase;
			buildActionMask = 2147483647;
			files = (
				585809DC1DD8635900A589D1 /* MainViewController.swift in Sources */,
				585809DA1DD8635900A589D1 /* AppDelegate.swift in Sources */,
			);
			runOnlyForDeploymentPostprocessing = 0;
		};
/* End PBXSourcesBuildPhase section */

/* Begin PBXVariantGroup section */
		585809E21DD8635900A589D1 /* LaunchScreen.storyboard */ = {
			isa = PBXVariantGroup;
			children = (
				585809E31DD8635900A589D1 /* Base */,
			);
			name = LaunchScreen.storyboard;
			sourceTree = "<group>";
		};
/* End PBXVariantGroup section */

/* Begin XCBuildConfiguration section */
		585809E61DD8635900A589D1 /* Debug */ = {
			isa = XCBuildConfiguration;
			buildSettings = {
				ALWAYS_SEARCH_USER_PATHS = NO;
				CLANG_ANALYZER_NONNULL = YES;
				CLANG_CXX_LANGUAGE_STANDARD = "gnu++0x";
				CLANG_CXX_LIBRARY = "libc++";
				CLANG_ENABLE_MODULES = YES;
				CLANG_ENABLE_OBJC_ARC = YES;
				CLANG_WARN_BOOL_CONVERSION = YES;
				CLANG_WARN_CONSTANT_CONVERSION = YES;
				CLANG_WARN_DIRECT_OBJC_ISA_USAGE = YES_ERROR;
				CLANG_WARN_DOCUMENTATION_COMMENTS = YES;
				CLANG_WARN_EMPTY_BODY = YES;
				CLANG_WARN_ENUM_CONVERSION = YES;
				CLANG_WARN_INFINITE_RECURSION = YES;
				CLANG_WARN_INT_CONVERSION = YES;
				CLANG_WARN_OBJC_ROOT_CLASS = YES_ERROR;
				CLANG_WARN_SUSPICIOUS_MOVES = YES;
				CLANG_WARN_UNREACHABLE_CODE = YES;
				CLANG_WARN__DUPLICATE_METHOD_MATCH = YES;
				"CODE_SIGN_IDENTITY[sdk=iphoneos*]" = "iPhone Developer";
				COPY_PHASE_STRIP = NO;
				DEBUG_INFORMATION_FORMAT = dwarf;
				ENABLE_STRICT_OBJC_MSGSEND = YES;
				ENABLE_TESTABILITY = YES;
				GCC_C_LANGUAGE_STANDARD = gnu99;
				GCC_DYNAMIC_NO_PIC = NO;
				GCC_NO_COMMON_BLOCKS = YES;
				GCC_OPTIMIZATION_LEVEL = 0;
				GCC_PREPROCESSOR_DEFINITIONS = (
					"DEBUG=1",
					"$(inherited)",
				);
				GCC_WARN_64_TO_32_BIT_CONVERSION = YES;
				GCC_WARN_ABOUT_RETURN_TYPE = YES_ERROR;
				GCC_WARN_UNDECLARED_SELECTOR = YES;
				GCC_WARN_UNINITIALIZED_AUTOS = YES_AGGRESSIVE;
				GCC_WARN_UNUSED_FUNCTION = YES;
				GCC_WARN_UNUSED_VARIABLE = YES;
				IPHONEOS_DEPLOYMENT_TARGET = 10.1;
				MTL_ENABLE_DEBUG_INFO = YES;
				ONLY_ACTIVE_ARCH = YES;
				SDKROOT = iphoneos;
				SWIFT_ACTIVE_COMPILATION_CONDITIONS = DEBUG;
				SWIFT_OPTIMIZATION_LEVEL = "-Onone";
			};
			name = Debug;
		};
		585809E71DD8635900A589D1 /* Release */ = {
			isa = XCBuildConfiguration;
			buildSettings = {
				ALWAYS_SEARCH_USER_PATHS = NO;
				CLANG_ANALYZER_NONNULL = YES;
				CLANG_CXX_LANGUAGE_STANDARD = "gnu++0x";
				CLANG_CXX_LIBRARY = "libc++";
				CLANG_ENABLE_MODULES = YES;
				CLANG_ENABLE_OBJC_ARC = YES;
				CLANG_WARN_BOOL_CONVERSION = YES;
				CLANG_WARN_CONSTANT_CONVERSION = YES;
				CLANG_WARN_DIRECT_OBJC_ISA_USAGE = YES_ERROR;
				CLANG_WARN_DOCUMENTATION_COMMENTS = YES;
				CLANG_WARN_EMPTY_BODY = YES;
				CLANG_WARN_ENUM_CONVERSION = YES;
				CLANG_WARN_INFINITE_RECURSION = YES;
				CLANG_WARN_INT_CONVERSION = YES;
				CLANG_WARN_OBJC_ROOT_CLASS = YES_ERROR;
				CLANG_WARN_SUSPICIOUS_MOVES = YES;
				CLANG_WARN_UNREACHABLE_CODE = YES;
				CLANG_WARN__DUPLICATE_METHOD_MATCH = YES;
				"CODE_SIGN_IDENTITY[sdk=iphoneos*]" = "iPhone Developer";
				COPY_PHASE_STRIP = NO;
				DEBUG_INFORMATION_FORMAT = "dwarf-with-dsym";
				ENABLE_NS_ASSERTIONS = NO;
				ENABLE_STRICT_OBJC_MSGSEND = YES;
				GCC_C_LANGUAGE_STANDARD = gnu99;
				GCC_NO_COMMON_BLOCKS = YES;
				GCC_WARN_64_TO_32_BIT_CONVERSION = YES;
				GCC_WARN_ABOUT_RETURN_TYPE = YES_ERROR;
				GCC_WARN_UNDECLARED_SELECTOR = YES;
				GCC_WARN_UNINITIALIZED_AUTOS = YES_AGGRESSIVE;
				GCC_WARN_UNUSED_FUNCTION = YES;
				GCC_WARN_UNUSED_VARIABLE = YES;
				IPHONEOS_DEPLOYMENT_TARGET = 10.1;
				MTL_ENABLE_DEBUG_INFO = NO;
				SDKROOT = iphoneos;
				SWIFT_OPTIMIZATION_LEVEL = "-Owholemodule";
				VALIDATE_PRODUCT = YES;
			};
			name = Release;
		};
		585809E91DD8635900A589D1 /* Debug */ = {
			isa = XCBuildConfiguration;
			buildSettings = {
				ASSETCATALOG_COMPILER_APPICON_NAME = AppIcon;
				DEVELOPMENT_TEAM = F4673Y6NYY;
				INFOPLIST_FILE = "Project04-PullToRefresh/Info.plist";
				LD_RUNPATH_SEARCH_PATHS = "$(inherited) @executable_path/Frameworks";
				PRODUCT_BUNDLE_IDENTIFIER = "pw.wangqian.Project04-PullToRefresh";
				PRODUCT_NAME = "$(TARGET_NAME)";
				SWIFT_VERSION = 3.0;
			};
			name = Debug;
		};
		585809EA1DD8635900A589D1 /* Release */ = {
			isa = XCBuildConfiguration;
			buildSettings = {
				ASSETCATALOG_COMPILER_APPICON_NAME = AppIcon;
				DEVELOPMENT_TEAM = F4673Y6NYY;
				INFOPLIST_FILE = "Project04-PullToRefresh/Info.plist";
				LD_RUNPATH_SEARCH_PATHS = "$(inherited) @executable_path/Frameworks";
				PRODUCT_BUNDLE_IDENTIFIER = "pw.wangqian.Project04-PullToRefresh";
				PRODUCT_NAME = "$(TARGET_NAME)";
				SWIFT_VERSION = 3.0;
			};
			name = Release;
		};
/* End XCBuildConfiguration section */

/* Begin XCConfigurationList section */
		585809D11DD8635900A589D1 /* Build configuration list for PBXProject "Project04-PullToRefresh" */ = {
			isa = XCConfigurationList;
			buildConfigurations = (
				585809E61DD8635900A589D1 /* Debug */,
				585809E71DD8635900A589D1 /* Release */,
			);
			defaultConfigurationIsVisible = 0;
			defaultConfigurationName = Release;
		};
		585809E81DD8635900A589D1 /* Build configuration list for PBXNativeTarget "Project04-PullToRefresh" */ = {
			isa = XCConfigurationList;
			buildConfigurations = (
				585809E91DD8635900A589D1 /* Debug */,
				585809EA1DD8635900A589D1 /* Release */,
			);
			defaultConfigurationIsVisible = 0;
			defaultConfigurationName = Release;
		};
/* End XCConfigurationList section */
	};
	rootObject = 585809CE1DD8635900A589D1 /* Project object */;
}
