// !$*UTF8*$!
{
	archiveVersion = 1;
	classes = {
	};
	objectVersion = 46;
	objects = {

/* Begin PBXBuildFile section */
		58A190D21DE4774500C0AB32 /* AppDelegate.swift in Sources */ = {isa = PBXBuildFile; fileRef = 58A190D11DE4774500C0AB32 /* AppDelegate.swift */; };
		58A190D41DE4774500C0AB32 /* ViewController.swift in Sources */ = {isa = PBXBuildFile; fileRef = 58A190D31DE4774500C0AB32 /* ViewController.swift */; };
		58A190D91DE4774500C0AB32 /* Assets.xcassets in Resources */ = {isa = PBXBuildFile; fileRef = 58A190D81DE4774500C0AB32 /* Assets.xcassets */; };
		58A190DC1DE4774500C0AB32 /* LaunchScreen.storyboard in Resources */ = {isa = PBXBuildFile; fileRef = 58A190DA1DE4774500C0AB32 /* LaunchScreen.storyboard */; };
/* End PBXBuildFile section */

/* Begin PBXFileReference section */
		58A190CE1DE4774500C0AB32 /* Project11-AnimateTable.app */ = {isa = PBXFileReference; explicitFileType = wrapper.application; includeInIndex = 0; path = "Project11-AnimateTable.app"; sourceTree = BUILT_PRODUCTS_DIR; };
		58A190D11DE4774500C0AB32 /* AppDelegate.swift */ = {isa = PBXFileReference; lastKnownFileType = sourcecode.swift; path = AppDelegate.swift; sourceTree = "<group>"; };
		58A190D31DE4774500C0AB32 /* ViewController.swift */ = {isa = PBXFileReference; lastKnownFileType = sourcecode.swift; path = ViewController.swift; sourceTree = "<group>"; };
		58A190D81DE4774500C0AB32 /* Assets.xcassets */ = {isa = PBXFileReference; lastKnownFileType = folder.assetcatalog; path = Assets.xcassets; sourceTree = "<group>"; };
		58A190DB1DE4774500C0AB32 /* Base */ = {isa = PBXFileReference; lastKnownFileType = file.storyboard; name = Base; path = Base.lproj/LaunchScreen.storyboard; sourceTree = "<group>"; };
		58A190DD1DE4774500C0AB32 /* Info.plist */ = {isa = PBXFileReference; lastKnownFileType = text.plist.xml; path = Info.plist; sourceTree = "<group>"; };
/* End PBXFileReference section */

/* Begin PBXFrameworksBuildPhase section */
		58A190CB1DE4774500C0AB32 /* Frameworks */ = {
			isa = PBXFrameworksBuildPhase;
			buildActionMask = 2147483647;
			files = (
			);
			runOnlyForDeploymentPostprocessing = 0;
		};
/* End PBXFrameworksBuildPhase section */

/* Begin PBXGroup section */
		58A190C51DE4774500C0AB32 = {
			isa = PBXGroup;
			children = (
				58A190D01DE4774500C0AB32 /* Project11-AnimateTable */,
				58A190CF1DE4774500C0AB32 /* Products */,
			);
			sourceTree = "<group>";
		};
		58A190CF1DE4774500C0AB32 /* Products */ = {
			isa = PBXGroup;
			children = (
				58A190CE1DE4774500C0AB32 /* Project11-AnimateTable.app */,
			);
			name = Products;
			sourceTree = "<group>";
		};
		58A190D01DE4774500C0AB32 /* Project11-AnimateTable */ = {
			isa = PBXGroup;
			children = (
				58A190E31DE4779200C0AB32 /* Supporting Files */,
				58A190D31DE4774500C0AB32 /* ViewController.swift */,
			);
			path = "Project11-AnimateTable";
			sourceTree = "<group>";
		};
		58A190E31DE4779200C0AB32 /* Supporting Files */ = {
			isa = PBXGroup;
			children = (
				58A190D11DE4774500C0AB32 /* AppDelegate.swift */,
				58A190D81DE4774500C0AB32 /* Assets.xcassets */,
				58A190DA1DE4774500C0AB32 /* LaunchScreen.storyboard */,
				58A190DD1DE4774500C0AB32 /* Info.plist */,
			);
			name = "Supporting Files";
			sourceTree = "<group>";
		};
/* End PBXGroup section */

/* Begin PBXNativeTarget section */
		58A190CD1DE4774500C0AB32 /* Project11-AnimateTable */ = {
			isa = PBXNativeTarget;
			buildConfigurationList = 58A190E01DE4774500C0AB32 /* Build configuration list for PBXNativeTarget "Project11-AnimateTable" */;
			buildPhases = (
				58A190CA1DE4774500C0AB32 /* Sources */,
				58A190CB1DE4774500C0AB32 /* Frameworks */,
				58A190CC1DE4774500C0AB32 /* Resources */,
			);
			buildRules = (
			);
			dependencies = (
			);
			name = "Project11-AnimateTable";
			productName = "Project11-AnimateTable";
			productReference = 58A190CE1DE4774500C0AB32 /* Project11-AnimateTable.app */;
			productType = "com.apple.product-type.application";
		};
/* End PBXNativeTarget section */

/* Begin PBXProject section */
		58A190C61DE4774500C0AB32 /* Project object */ = {
			isa = PBXProject;
			attributes = {
				LastSwiftUpdateCheck = 0810;
				LastUpgradeCheck = 0810;
				ORGANIZATIONNAME = "王迁";
				TargetAttributes = {
					58A190CD1DE4774500C0AB32 = {
						CreatedOnToolsVersion = 8.1;
						DevelopmentTeam = F4673Y6NYY;
						ProvisioningStyle = Automatic;
					};
				};
			};
			buildConfigurationList = 58A190C91DE4774500C0AB32 /* Build configuration list for PBXProject "Project11-AnimateTable" */;
			compatibilityVersion = "Xcode 3.2";
			developmentRegion = English;
			hasScannedForEncodings = 0;
			knownRegions = (
				en,
				Base,
			);
			mainGroup = 58A190C51DE4774500C0AB32;
			productRefGroup = 58A190CF1DE4774500C0AB32 /* Products */;
			projectDirPath = "";
			projectRoot = "";
			targets = (
				58A190CD1DE4774500C0AB32 /* Project11-AnimateTable */,
			);
		};
/* End PBXProject section */

/* Begin PBXResourcesBuildPhase section */
		58A190CC1DE4774500C0AB32 /* Resources */ = {
			isa = PBXResourcesBuildPhase;
			buildActionMask = 2147483647;
			files = (
				58A190DC1DE4774500C0AB32 /* LaunchScreen.storyboard in Resources */,
				58A190D91DE4774500C0AB32 /* Assets.xcassets in Resources */,
			);
			runOnlyForDeploymentPostprocessing = 0;
		};
/* End PBXResourcesBuildPhase section */

/* Begin PBXSourcesBuildPhase section */
		58A190CA1DE4774500C0AB32 /* Sources */ = {
			isa = PBXSourcesBuildPhase;
			buildActionMask = 2147483647;
			files = (
				58A190D41DE4774500C0AB32 /* ViewController.swift in Sources */,
				58A190D21DE4774500C0AB32 /* AppDelegate.swift in Sources */,
			);
			runOnlyForDeploymentPostprocessing = 0;
		};
/* End PBXSourcesBuildPhase section */

/* Begin PBXVariantGroup section */
		58A190DA1DE4774500C0AB32 /* LaunchScreen.storyboard */ = {
			isa = PBXVariantGroup;
			children = (
				58A190DB1DE4774500C0AB32 /* Base */,
			);
			name = LaunchScreen.storyboard;
			sourceTree = "<group>";
		};
/* End PBXVariantGroup section */

/* Begin XCBuildConfiguration section */
		58A190DE1DE4774500C0AB32 /* Debug */ = {
			isa = XCBuildConfiguration;
			buildSettings = {
				ALWAYS_SEARCH_USER_PATHS = NO;
				CLANG_ANALYZER_NONNULL = YES;
				CLANG_CXX_LANGUAGE_STANDARD = "gnu++0x";
				CLANG_CXX_LIBRARY = "libc++";
				CLANG_ENABLE_MODULES = YES;
				CLANG_ENABLE_OBJC_ARC = YES;
				CLANG_WARN_BOOL_CONVERSION = YES;
				CLANG_WARN_CONSTANT_CONVERSION = YES;
				CLANG_WARN_DIRECT_OBJC_ISA_USAGE = YES_ERROR;
				CLANG_WARN_DOCUMENTATION_COMMENTS = YES;
				CLANG_WARN_EMPTY_BODY = YES;
				CLANG_WARN_ENUM_CONVERSION = YES;
				CLANG_WARN_INFINITE_RECURSION = YES;
				CLANG_WARN_INT_CONVERSION = YES;
				CLANG_WARN_OBJC_ROOT_CLASS = YES_ERROR;
				CLANG_WARN_SUSPICIOUS_MOVES = YES;
				CLANG_WARN_UNREACHABLE_CODE = YES;
				CLANG_WARN__DUPLICATE_METHOD_MATCH = YES;
				"CODE_SIGN_IDENTITY[sdk=iphoneos*]" = "iPhone Developer";
				COPY_PHASE_STRIP = NO;
				DEBUG_INFORMATION_FORMAT = dwarf;
				ENABLE_STRICT_OBJC_MSGSEND = YES;
				ENABLE_TESTABILITY = YES;
				GCC_C_LANGUAGE_STANDARD = gnu99;
				GCC_DYNAMIC_NO_PIC = NO;
				GCC_NO_COMMON_BLOCKS = YES;
				GCC_OPTIMIZATION_LEVEL = 0;
				GCC_PREPROCESSOR_DEFINITIONS = (
					"DEBUG=1",
					"$(inherited)",
				);
				GCC_WARN_64_TO_32_BIT_CONVERSION = YES;
				GCC_WARN_ABOUT_RETURN_TYPE = YES_ERROR;
				GCC_WARN_UNDECLARED_SELECTOR = YES;
				GCC_WARN_UNINITIALIZED_AUTOS = YES_AGGRESSIVE;
				GCC_WARN_UNUSED_FUNCTION = YES;
				GCC_WARN_UNUSED_VARIABLE = YES;
				IPHONEOS_DEPLOYMENT_TARGET = 10.1;
				MTL_ENABLE_DEBUG_INFO = YES;
				ONLY_ACTIVE_ARCH = YES;
				SDKROOT = iphoneos;
				SWIFT_ACTIVE_COMPILATION_CONDITIONS = DEBUG;
				SWIFT_OPTIMIZATION_LEVEL = "-Onone";
			};
			name = Debug;
		};
		58A190DF1DE4774500C0AB32 /* Release */ = {
			isa = XCBuildConfiguration;
			buildSettings = {
				ALWAYS_SEARCH_USER_PATHS = NO;
				CLANG_ANALYZER_NONNULL = YES;
				CLANG_CXX_LANGUAGE_STANDARD = "gnu++0x";
				CLANG_CXX_LIBRARY = "libc++";
				CLANG_ENABLE_MODULES = YES;
				CLANG_ENABLE_OBJC_ARC = YES;
				CLANG_WARN_BOOL_CONVERSION = YES;
				CLANG_WARN_CONSTANT_CONVERSION = YES;
				CLANG_WARN_DIRECT_OBJC_ISA_USAGE = YES_ERROR;
				CLANG_WARN_DOCUMENTATION_COMMENTS = YES;
				CLANG_WARN_EMPTY_BODY = YES;
				CLANG_WARN_ENUM_CONVERSION = YES;
				CLANG_WARN_INFINITE_RECURSION = YES;
				CLANG_WARN_INT_CONVERSION = YES;
				CLANG_WARN_OBJC_ROOT_CLASS = YES_ERROR;
				CLANG_WARN_SUSPICIOUS_MOVES = YES;
				CLANG_WARN_UNREACHABLE_CODE = YES;
				CLANG_WARN__DUPLICATE_METHOD_MATCH = YES;
				"CODE_SIGN_IDENTITY[sdk=iphoneos*]" = "iPhone Developer";
				COPY_PHASE_STRIP = NO;
				DEBUG_INFORMATION_FORMAT = "dwarf-with-dsym";
				ENABLE_NS_ASSERTIONS = NO;
				ENABLE_STRICT_OBJC_MSGSEND = YES;
				GCC_C_LANGUAGE_STANDARD = gnu99;
				GCC_NO_COMMON_BLOCKS = YES;
				GCC_WARN_64_TO_32_BIT_CONVERSION = YES;
				GCC_WARN_ABOUT_RETURN_TYPE = YES_ERROR;
				GCC_WARN_UNDECLARED_SELECTOR = YES;
				GCC_WARN_UNINITIALIZED_AUTOS = YES_AGGRESSIVE;
				GCC_WARN_UNUSED_FUNCTION = YES;
				GCC_WARN_UNUSED_VARIABLE = YES;
				IPHONEOS_DEPLOYMENT_TARGET = 10.1;
				MTL_ENABLE_DEBUG_INFO = NO;
				SDKROOT = iphoneos;
				SWIFT_OPTIMIZATION_LEVEL = "-Owholemodule";
				VALIDATE_PRODUCT = YES;
			};
			name = Release;
		};
		58A190E11DE4774500C0AB32 /* Debug */ = {
			isa = XCBuildConfiguration;
			buildSettings = {
				ASSETCATALOG_COMPILER_APPICON_NAME = AppIcon;
				DEVELOPMENT_TEAM = F4673Y6NYY;
				INFOPLIST_FILE = "Project11-AnimateTable/Info.plist";
				LD_RUNPATH_SEARCH_PATHS = "$(inherited) @executable_path/Frameworks";
				PRODUCT_BUNDLE_IDENTIFIER = "pw.wangqian.Project11-AnimateTable";
				PRODUCT_NAME = "$(TARGET_NAME)";
				SWIFT_VERSION = 3.0;
			};
			name = Debug;
		};
		58A190E21DE4774500C0AB32 /* Release */ = {
			isa = XCBuildConfiguration;
			buildSettings = {
				ASSETCATALOG_COMPILER_APPICON_NAME = AppIcon;
				DEVELOPMENT_TEAM = F4673Y6NYY;
				INFOPLIST_FILE = "Project11-AnimateTable/Info.plist";
				LD_RUNPATH_SEARCH_PATHS = "$(inherited) @executable_path/Frameworks";
				PRODUCT_BUNDLE_IDENTIFIER = "pw.wangqian.Project11-AnimateTable";
				PRODUCT_NAME = "$(TARGET_NAME)";
				SWIFT_VERSION = 3.0;
			};
			name = Release;
		};
/* End XCBuildConfiguration section */

/* Begin XCConfigurationList section */
		58A190C91DE4774500C0AB32 /* Build configuration list for PBXProject "Project11-AnimateTable" */ = {
			isa = XCConfigurationList;
			buildConfigurations = (
				58A190DE1DE4774500C0AB32 /* Debug */,
				58A190DF1DE4774500C0AB32 /* Release */,
			);
			defaultConfigurationIsVisible = 0;
			defaultConfigurationName = Release;
		};
		58A190E01DE4774500C0AB32 /* Build configuration list for PBXNativeTarget "Project11-AnimateTable" */ = {
			isa = XCConfigurationList;
			buildConfigurations = (
				58A190E11DE4774500C0AB32 /* Debug */,
				58A190E21DE4774500C0AB32 /* Release */,
			);
			defaultConfigurationIsVisible = 0;
		};
/* End XCConfigurationList section */
	};
	rootObject = 58A190C61DE4774500C0AB32 /* Project object */;
}
