// !$*UTF8*$!
{
	archiveVersion = 1;
	classes = {
	};
	objectVersion = 46;
	objects = {

/* Begin PBXBuildFile section */
		587AF5081DE3194F00608A06 /* AppDelegate.swift in Sources */ = {isa = PBXBuildFile; fileRef = 587AF5071DE3194F00608A06 /* AppDelegate.swift */; };
		587AF50A1DE3194F00608A06 /* ViewController.swift in Sources */ = {isa = PBXBuildFile; fileRef = 587AF5091DE3194F00608A06 /* ViewController.swift */; };
		587AF50F1DE3195000608A06 /* Assets.xcassets in Resources */ = {isa = PBXBuildFile; fileRef = 587AF50E1DE3194F00608A06 /* Assets.xcassets */; };
		587AF5121DE3195000608A06 /* LaunchScreen.storyboard in Resources */ = {isa = PBXBuildFile; fileRef = 587AF5101DE3195000608A06 /* LaunchScreen.storyboard */; };
		587AF51C1DE326B800608A06 /* SnapKit.framework in Frameworks */ = {isa = PBXBuildFile; fileRef = 587AF51B1DE326B800608A06 /* SnapKit.framework */; };
/* End PBXBuildFile section */

/* Begin PBXFileReference section */
		587AF5041DE3194F00608A06 /* Project09-ImageScroller.app */ = {isa = PBXFileReference; explicitFileType = wrapper.application; includeInIndex = 0; path = "Project09-ImageScroller.app"; sourceTree = BUILT_PRODUCTS_DIR; };
		587AF5071DE3194F00608A06 /* AppDelegate.swift */ = {isa = PBXFileReference; lastKnownFileType = sourcecode.swift; path = AppDelegate.swift; sourceTree = "<group>"; };
		587AF5091DE3194F00608A06 /* ViewController.swift */ = {isa = PBXFileReference; lastKnownFileType = sourcecode.swift; path = ViewController.swift; sourceTree = "<group>"; };
		587AF50E1DE3194F00608A06 /* Assets.xcassets */ = {isa = PBXFileReference; lastKnownFileType = folder.assetcatalog; path = Assets.xcassets; sourceTree = "<group>"; };
		587AF5111DE3195000608A06 /* Base */ = {isa = PBXFileReference; lastKnownFileType = file.storyboard; name = Base; path = Base.lproj/LaunchScreen.storyboard; sourceTree = "<group>"; };
		587AF5131DE3195000608A06 /* Info.plist */ = {isa = PBXFileReference; lastKnownFileType = text.plist.xml; path = Info.plist; sourceTree = "<group>"; };
		587AF51B1DE326B800608A06 /* SnapKit.framework */ = {isa = PBXFileReference; lastKnownFileType = wrapper.framework; name = SnapKit.framework; path = Carthage/Build/iOS/SnapKit.framework; sourceTree = "<group>"; };
/* End PBXFileReference section */

/* Begin PBXFrameworksBuildPhase section */
		587AF5011DE3194F00608A06 /* Frameworks */ = {
			isa = PBXFrameworksBuildPhase;
			buildActionMask = 2147483647;
			files = (
				587AF51C1DE326B800608A06 /* SnapKit.framework in Frameworks */,
			);
			runOnlyForDeploymentPostprocessing = 0;
		};
/* End PBXFrameworksBuildPhase section */

/* Begin PBXGroup section */
		587AF4FB1DE3194F00608A06 = {
			isa = PBXGroup;
			children = (
				587AF5061DE3194F00608A06 /* Project09-ImageScroller */,
				587AF5051DE3194F00608A06 /* Products */,
				587AF51A1DE326B800608A06 /* Frameworks */,
			);
			sourceTree = "<group>";
		};
		587AF5051DE3194F00608A06 /* Products */ = {
			isa = PBXGroup;
			children = (
				587AF5041DE3194F00608A06 /* Project09-ImageScroller.app */,
			);
			name = Products;
			sourceTree = "<group>";
		};
		587AF5061DE3194F00608A06 /* Project09-ImageScroller */ = {
			isa = PBXGroup;
			children = (
				587AF51D1DE32A9600608A06 /* Supporting Files */,
				587AF5091DE3194F00608A06 /* ViewController.swift */,
			);
			path = "Project09-ImageScroller";
			sourceTree = "<group>";
		};
		587AF51A1DE326B800608A06 /* Frameworks */ = {
			isa = PBXGroup;
			children = (
				587AF51B1DE326B800608A06 /* SnapKit.framework */,
			);
			name = Frameworks;
			sourceTree = "<group>";
		};
		587AF51D1DE32A9600608A06 /* Supporting Files */ = {
			isa = PBXGroup;
			children = (
				587AF5071DE3194F00608A06 /* AppDelegate.swift */,
				587AF50E1DE3194F00608A06 /* Assets.xcassets */,
				587AF5101DE3195000608A06 /* LaunchScreen.storyboard */,
				587AF5131DE3195000608A06 /* Info.plist */,
			);
			name = "Supporting Files";
			sourceTree = "<group>";
		};
/* End PBXGroup section */

/* Begin PBXNativeTarget section */
		587AF5031DE3194F00608A06 /* Project09-ImageScroller */ = {
			isa = PBXNativeTarget;
			buildConfigurationList = 587AF5161DE3195000608A06 /* Build configuration list for PBXNativeTarget "Project09-ImageScroller" */;
			buildPhases = (
				587AF5001DE3194F00608A06 /* Sources */,
				587AF5011DE3194F00608A06 /* Frameworks */,
				587AF5021DE3194F00608A06 /* Resources */,
				587AF5191DE3267600608A06 /* ShellScript */,
			);
			buildRules = (
			);
			dependencies = (
			);
			name = "Project09-ImageScroller";
			productName = "Project09-ImageScroller";
			productReference = 587AF5041DE3194F00608A06 /* Project09-ImageScroller.app */;
			productType = "com.apple.product-type.application";
		};
/* End PBXNativeTarget section */

/* Begin PBXProject section */
		587AF4FC1DE3194F00608A06 /* Project object */ = {
			isa = PBXProject;
			attributes = {
				LastSwiftUpdateCheck = 0810;
				LastUpgradeCheck = 0810;
				ORGANIZATIONNAME = "王迁";
				TargetAttributes = {
					587AF5031DE3194F00608A06 = {
						CreatedOnToolsVersion = 8.1;
						DevelopmentTeam = F4673Y6NYY;
						ProvisioningStyle = Automatic;
					};
				};
			};
			buildConfigurationList = 587AF4FF1DE3194F00608A06 /* Build configuration list for PBXProject "Project09-ImageScroller" */;
			compatibilityVersion = "Xcode 3.2";
			developmentRegion = English;
			hasScannedForEncodings = 0;
			knownRegions = (
				en,
				Base,
			);
			mainGroup = 587AF4FB1DE3194F00608A06;
			productRefGroup = 587AF5051DE3194F00608A06 /* Products */;
			projectDirPath = "";
			projectRoot = "";
			targets = (
				587AF5031DE3194F00608A06 /* Project09-ImageScroller */,
			);
		};
/* End PBXProject section */

/* Begin PBXResourcesBuildPhase section */
		587AF5021DE3194F00608A06 /* Resources */ = {
			isa = PBXResourcesBuildPhase;
			buildActionMask = 2147483647;
			files = (
				587AF5121DE3195000608A06 /* LaunchScreen.storyboard in Resources */,
				587AF50F1DE3195000608A06 /* Assets.xcassets in Resources */,
			);
			runOnlyForDeploymentPostprocessing = 0;
		};
/* End PBXResourcesBuildPhase section */

/* Begin PBXShellScriptBuildPhase section */
		587AF5191DE3267600608A06 /* ShellScript */ = {
			isa = PBXShellScriptBuildPhase;
			buildActionMask = 2147483647;
			files = (
			);
			inputPaths = (
				"$(SRCROOT)/Carthage/Build/iOS/SnapKit.framework",
			);
			outputPaths = (
			);
			runOnlyForDeploymentPostprocessing = 0;
			shellPath = /bin/sh;
			shellScript = "carthage copy-frameworks";
		};
/* End PBXShellScriptBuildPhase section */

/* Begin PBXSourcesBuildPhase section */
		587AF5001DE3194F00608A06 /* Sources */ = {
			isa = PBXSourcesBuildPhase;
			buildActionMask = 2147483647;
			files = (
				587AF50A1DE3194F00608A06 /* ViewController.swift in Sources */,
				587AF5081DE3194F00608A06 /* AppDelegate.swift in Sources */,
			);
			runOnlyForDeploymentPostprocessing = 0;
		};
/* End PBXSourcesBuildPhase section */

/* Begin PBXVariantGroup section */
		587AF5101DE3195000608A06 /* LaunchScreen.storyboard */ = {
			isa = PBXVariantGroup;
			children = (
				587AF5111DE3195000608A06 /* Base */,
			);
			name = LaunchScreen.storyboard;
			sourceTree = "<group>";
		};
/* End PBXVariantGroup section */

/* Begin XCBuildConfiguration section */
		587AF5141DE3195000608A06 /* Debug */ = {
			isa = XCBuildConfiguration;
			buildSettings = {
				ALWAYS_SEARCH_USER_PATHS = NO;
				CLANG_ANALYZER_NONNULL = YES;
				CLANG_CXX_LANGUAGE_STANDARD = "gnu++0x";
				CLANG_CXX_LIBRARY = "libc++";
				CLANG_ENABLE_MODULES = YES;
				CLANG_ENABLE_OBJC_ARC = YES;
				CLANG_WARN_BOOL_CONVERSION = YES;
				CLANG_WARN_CONSTANT_CONVERSION = YES;
				CLANG_WARN_DIRECT_OBJC_ISA_USAGE = YES_ERROR;
				CLANG_WARN_DOCUMENTATION_COMMENTS = YES;
				CLANG_WARN_EMPTY_BODY = YES;
				CLANG_WARN_ENUM_CONVERSION = YES;
				CLANG_WARN_INFINITE_RECURSION = YES;
				CLANG_WARN_INT_CONVERSION = YES;
				CLANG_WARN_OBJC_ROOT_CLASS = YES_ERROR;
				CLANG_WARN_SUSPICIOUS_MOVES = YES;
				CLANG_WARN_UNREACHABLE_CODE = YES;
				CLANG_WARN__DUPLICATE_METHOD_MATCH = YES;
				"CODE_SIGN_IDENTITY[sdk=iphoneos*]" = "iPhone Developer";
				COPY_PHASE_STRIP = NO;
				DEBUG_INFORMATION_FORMAT = dwarf;
				ENABLE_STRICT_OBJC_MSGSEND = YES;
				ENABLE_TESTABILITY = YES;
				GCC_C_LANGUAGE_STANDARD = gnu99;
				GCC_DYNAMIC_NO_PIC = NO;
				GCC_NO_COMMON_BLOCKS = YES;
				GCC_OPTIMIZATION_LEVEL = 0;
				GCC_PREPROCESSOR_DEFINITIONS = (
					"DEBUG=1",
					"$(inherited)",
				);
				GCC_WARN_64_TO_32_BIT_CONVERSION = YES;
				GCC_WARN_ABOUT_RETURN_TYPE = YES_ERROR;
				GCC_WARN_UNDECLARED_SELECTOR = YES;
				GCC_WARN_UNINITIALIZED_AUTOS = YES_AGGRESSIVE;
				GCC_WARN_UNUSED_FUNCTION = YES;
				GCC_WARN_UNUSED_VARIABLE = YES;
				IPHONEOS_DEPLOYMENT_TARGET = 10.1;
				MTL_ENABLE_DEBUG_INFO = YES;
				ONLY_ACTIVE_ARCH = YES;
				SDKROOT = iphoneos;
				SWIFT_ACTIVE_COMPILATION_CONDITIONS = DEBUG;
				SWIFT_OPTIMIZATION_LEVEL = "-Onone";
			};
			name = Debug;
		};
		587AF5151DE3195000608A06 /* Release */ = {
			isa = XCBuildConfiguration;
			buildSettings = {
				ALWAYS_SEARCH_USER_PATHS = NO;
				CLANG_ANALYZER_NONNULL = YES;
				CLANG_CXX_LANGUAGE_STANDARD = "gnu++0x";
				CLANG_CXX_LIBRARY = "libc++";
				CLANG_ENABLE_MODULES = YES;
				CLANG_ENABLE_OBJC_ARC = YES;
				CLANG_WARN_BOOL_CONVERSION = YES;
				CLANG_WARN_CONSTANT_CONVERSION = YES;
				CLANG_WARN_DIRECT_OBJC_ISA_USAGE = YES_ERROR;
				CLANG_WARN_DOCUMENTATION_COMMENTS = YES;
				CLANG_WARN_EMPTY_BODY = YES;
				CLANG_WARN_ENUM_CONVERSION = YES;
				CLANG_WARN_INFINITE_RECURSION = YES;
				CLANG_WARN_INT_CONVERSION = YES;
				CLANG_WARN_OBJC_ROOT_CLASS = YES_ERROR;
				CLANG_WARN_SUSPICIOUS_MOVES = YES;
				CLANG_WARN_UNREACHABLE_CODE = YES;
				CLANG_WARN__DUPLICATE_METHOD_MATCH = YES;
				"CODE_SIGN_IDENTITY[sdk=iphoneos*]" = "iPhone Developer";
				COPY_PHASE_STRIP = NO;
				DEBUG_INFORMATION_FORMAT = "dwarf-with-dsym";
				ENABLE_NS_ASSERTIONS = NO;
				ENABLE_STRICT_OBJC_MSGSEND = YES;
				GCC_C_LANGUAGE_STANDARD = gnu99;
				GCC_NO_COMMON_BLOCKS = YES;
				GCC_WARN_64_TO_32_BIT_CONVERSION = YES;
				GCC_WARN_ABOUT_RETURN_TYPE = YES_ERROR;
				GCC_WARN_UNDECLARED_SELECTOR = YES;
				GCC_WARN_UNINITIALIZED_AUTOS = YES_AGGRESSIVE;
				GCC_WARN_UNUSED_FUNCTION = YES;
				GCC_WARN_UNUSED_VARIABLE = YES;
				IPHONEOS_DEPLOYMENT_TARGET = 10.1;
				MTL_ENABLE_DEBUG_INFO = NO;
				SDKROOT = iphoneos;
				SWIFT_OPTIMIZATION_LEVEL = "-Owholemodule";
				VALIDATE_PRODUCT = YES;
			};
			name = Release;
		};
		587AF5171DE3195000608A06 /* Debug */ = {
			isa = XCBuildConfiguration;
			buildSettings = {
				ASSETCATALOG_COMPILER_APPICON_NAME = AppIcon;
				DEVELOPMENT_TEAM = F4673Y6NYY;
				FRAMEWORK_SEARCH_PATHS = (
					"$(inherited)",
					"$(PROJECT_DIR)/Carthage/Build/iOS",
				);
				INFOPLIST_FILE = "Project09-ImageScroller/Info.plist";
				LD_RUNPATH_SEARCH_PATHS = "$(inherited) @executable_path/Frameworks";
				PRODUCT_BUNDLE_IDENTIFIER = "pw.wangqian.Project09-ImageScroller";
				PRODUCT_NAME = "$(TARGET_NAME)";
				SWIFT_VERSION = 3.0;
			};
			name = Debug;
		};
		587AF5181DE3195000608A06 /* Release */ = {
			isa = XCBuildConfiguration;
			buildSettings = {
				ASSETCATALOG_COMPILER_APPICON_NAME = AppIcon;
				DEVELOPMENT_TEAM = F4673Y6NYY;
				FRAMEWORK_SEARCH_PATHS = (
					"$(inherited)",
					"$(PROJECT_DIR)/Carthage/Build/iOS",
				);
				INFOPLIST_FILE = "Project09-ImageScroller/Info.plist";
				LD_RUNPATH_SEARCH_PATHS = "$(inherited) @executable_path/Frameworks";
				PRODUCT_BUNDLE_IDENTIFIER = "pw.wangqian.Project09-ImageScroller";
				PRODUCT_NAME = "$(TARGET_NAME)";
				SWIFT_VERSION = 3.0;
			};
			name = Release;
		};
/* End XCBuildConfiguration section */

/* Begin XCConfigurationList section */
		587AF4FF1DE3194F00608A06 /* Build configuration list for PBXProject "Project09-ImageScroller" */ = {
			isa = XCConfigurationList;
			buildConfigurations = (
				587AF5141DE3195000608A06 /* Debug */,
				587AF5151DE3195000608A06 /* Release */,
			);
			defaultConfigurationIsVisible = 0;
			defaultConfigurationName = Release;
		};
		587AF5161DE3195000608A06 /* Build configuration list for PBXNativeTarget "Project09-ImageScroller" */ = {
			isa = XCConfigurationList;
			buildConfigurations = (
				587AF5171DE3195000608A06 /* Debug */,
				587AF5181DE3195000608A06 /* Release */,
			);
			defaultConfigurationIsVisible = 0;
		};
/* End XCConfigurationList section */
	};
	rootObject = 587AF4FC1DE3194F00608A06 /* Project object */;
}
